<?xml version="1.0" encoding="utf-8"?>
<Project ToolsVersion="4.0" xmlns="http://schemas.microsoft.com/developer/msbuild/2003">
  <ItemGroup>
    <Filter Include="Sources">
      <UniqueIdentifier>{9a0c56eb-4ac0-47a4-b998-73cc515b3713}</UniqueIdentifier>
    </Filter>
    <Filter Include="Headers">
      <UniqueIdentifier>{ff3527d2-0b54-4573-bfb6-0c8086e60eeb}</UniqueIdentifier>
    </Filter>
    <Filter Include="RenderBackend">
      <UniqueIdentifier>{993c0f1a-3c7c-4104-b6b9-08d86cdbf890}</UniqueIdentifier>
    </Filter>
    <Filter Include="RenderBackend\RenderBackendD3D12">
      <UniqueIdentifier>{c2b1ef6a-7807-43c2-b28b-c6fa83ede732}</UniqueIdentifier>
    </Filter>
    <Filter Include="Tasks">
      <UniqueIdentifier>{d9acebef-87e6-42bc-bb2a-976425842d4f}</UniqueIdentifier>
    </Filter>
  </ItemGroup>
  <ItemGroup>
    <ClCompile Include="Sources\Main.cpp">
      <Filter>Sources</Filter>
    </ClCompile>
    <ClCompile Include="Sources\Windows.cpp">
      <Filter>Sources</Filter>
    </ClCompile>
    <ClCompile Include="Sources\Engine.cpp">
      <Filter>Sources</Filter>
    </ClCompile>
    <ClCompile Include="Sources\Input.cpp">
      <Filter>Sources</Filter>
    </ClCompile>
    <ClCompile Include="Sources\Timer.cpp">
      <Filter>Sources</Filter>
    </ClCompile>
    <ClCompile Include="Sources\RenderBackend.cpp">
      <Filter>RenderBackend</Filter>
    </ClCompile>
    <ClCompile Include="Sources\RenderBackendD3D12\d3dx12.h">
      <Filter>RenderBackend\RenderBackendD3D12</Filter>
    </ClCompile>
    <ClCompile Include="Sources\RenderBackendD3D12\RenderBackendD3D12.cpp">
      <Filter>RenderBackend\RenderBackendD3D12</Filter>
    </ClCompile>
    <ClCompile Include="Sources\Component.cpp">
      <Filter>Sources</Filter>
    </ClCompile>
    <ClCompile Include="Sources\ObjectBase.cpp">
      <Filter>Sources</Filter>
    </ClCompile>
    <ClCompile Include="Sources\Module.cpp">
      <Filter>Sources</Filter>
    </ClCompile>
    <ClCompile Include="Sources\Launcher.cpp">
      <Filter>Sources</Filter>
    </ClCompile>
    <ClCompile Include="Sources\World.cpp">
      <Filter>Sources</Filter>
    </ClCompile>
    <ClCompile Include="Sources\Scene.cpp">
      <Filter>Sources</Filter>
    </ClCompile>
    <ClCompile Include="Sources\RenderCommandList.cpp">
      <Filter>Sources</Filter>
    </ClCompile>
    <ClCompile Include="Sources\Tasks\TaskSystem.cpp">
      <Filter>Tasks</Filter>
    </ClCompile>
  </ItemGroup>
  <ItemGroup>
    <ClInclude Include="Sources\Windows.h">
      <Filter>Headers</Filter>
    </ClInclude>
    <ClInclude Include="Sources\Definitions.h">
      <Filter>Headers</Filter>
    </ClInclude>
    <ClInclude Include="Sources\PlatformDefinitions.h">
      <Filter>Headers</Filter>
    </ClInclude>
    <ClInclude Include="Sources\Engine.h">
      <Filter>Headers</Filter>
    </ClInclude>
    <ClInclude Include="Sources\Input.h">
      <Filter>Headers</Filter>
    </ClInclude>
    <ClInclude Include="Sources\Timer.h">
      <Filter>Headers</Filter>
    </ClInclude>
    <ClInclude Include="Sources\RenderBackend.h">
      <Filter>RenderBackend</Filter>
    </ClInclude>
    <ClInclude Include="Sources\RenderBackendCommon.h">
      <Filter>RenderBackend</Filter>
    </ClInclude>
    <ClInclude Include="Sources\RenderBackendD3D12\RenderBackendD3D12.h">
      <Filter>RenderBackend\RenderBackendD3D12</Filter>
    </ClInclude>
    <ClInclude Include="Sources\RenderBackendD3D12\RenderBackendD3D12Common.h">
      <Filter>RenderBackend\RenderBackendD3D12</Filter>
    </ClInclude>
    <ClInclude Include="Sources\RenderBackendD3D12\DirectXHelper.h">
      <Filter>RenderBackend\RenderBackendD3D12</Filter>
    </ClInclude>
    <ClInclude Include="Sources\Component.h">
      <Filter>Headers</Filter>
    </ClInclude>
    <ClInclude Include="Sources\ObjectBase.h">
      <Filter>Headers</Filter>
    </ClInclude>
    <ClInclude Include="Sources\Module.h">
      <Filter>Headers</Filter>
    </ClInclude>
    <ClInclude Include="Sources\Singleton.h">
      <Filter>Headers</Filter>
    </ClInclude>
    <ClInclude Include="Sources\Launcher.h">
      <Filter>Headers</Filter>
    </ClInclude>
    <ClInclude Include="Sources\Algorithm.h">
      <Filter>Headers</Filter>
    </ClInclude>
    <ClInclude Include="Sources\World.h">
      <Filter>Headers</Filter>
    </ClInclude>
    <ClInclude Include="Sources\Scene.h">
      <Filter>Headers</Filter>
    </ClInclude>
    <ClInclude Include="Sources\RenderCommandList.h">
      <Filter>Headers</Filter>
    </ClInclude>
    <ClInclude Include="Sources\Tasks\TaskQueue.h">
      <Filter>Tasks</Filter>
    </ClInclude>
    <ClInclude Include="Sources\Tasks\TaskSystem.h">
      <Filter>Tasks</Filter>
    </ClInclude>
    <ClInclude Include="Sources\Tasks\TaskQueue.hpp">
      <Filter>Tasks</Filter>
    </ClInclude>
  </ItemGroup>
</Project>