<?xml version="1.0" encoding="utf-8"?>
<Project ToolsVersion="4.0" xmlns="http://schemas.microsoft.com/developer/msbuild/2003">
  <ItemGroup>
    <Filter Include="Sources">
      <UniqueIdentifier>{9a0c56eb-4ac0-47a4-b998-73cc515b3713}</UniqueIdentifier>
    </Filter>
    <Filter Include="Headers">
      <UniqueIdentifier>{ff3527d2-0b54-4573-bfb6-0c8086e60eeb}</UniqueIdentifier>
    </Filter>
    <Filter Include="RenderBackend">
      <UniqueIdentifier>{993c0f1a-3c7c-4104-b6b9-08d86cdbf890}</UniqueIdentifier>
    </Filter>
    <Filter Include="RenderBackend\RenderBackendD3D12">
      <UniqueIdentifier>{c2b1ef6a-7807-43c2-b28b-c6fa83ede732}</UniqueIdentifier>
    </Filter>
    <Filter Include="Tasks">
      <UniqueIdentifier>{d9acebef-87e6-42bc-bb2a-976425842d4f}</UniqueIdentifier>
    </Filter>
    <Filter Include="EntityComonent">
      <UniqueIdentifier>{cdea3c54-6b76-40f7-883b-89e6221f2fc0}</UniqueIdentifier>
    </Filter>
    <Filter Include="SceneGraphSystem">
      <UniqueIdentifier>{4e447bdc-c4b1-4ab7-96b6-a2f38437a773}</UniqueIdentifier>
    </Filter>
    <Filter Include="Entities">
      <UniqueIdentifier>{0bf660d5-d8ac-4330-9623-44a3d8be28cc}</UniqueIdentifier>
    </Filter>
    <Filter Include="Entities\Components">
      <UniqueIdentifier>{2e6dee02-b0c3-4ca8-bd40-c7e84fa2e847}</UniqueIdentifier>
    </Filter>
    <Filter Include="Render">
      <UniqueIdentifier>{f978d2d6-70c5-4627-a0d2-7f2f256acc6f}</UniqueIdentifier>
    </Filter>
    <Filter Include="Misc">
      <UniqueIdentifier>{6d2e2bfa-7128-4132-a91d-044933ee01e1}</UniqueIdentifier>
    </Filter>
    <Filter Include="Engine">
      <UniqueIdentifier>{42a8c3e4-f30c-48f7-92ef-2200d38535ea}</UniqueIdentifier>
    </Filter>
    <Filter Include="Module">
      <UniqueIdentifier>{740daa89-39a7-4316-8036-2f2cd40b50c1}</UniqueIdentifier>
    </Filter>
    <Filter Include="Render\Shader">
      <UniqueIdentifier>{5914b688-e88c-4f88-a394-7b287986ee6a}</UniqueIdentifier>
    </Filter>
    <Filter Include="Module\Texture">
      <UniqueIdentifier>{8e90b0f5-4808-498f-bc09-7e0f22539274}</UniqueIdentifier>
    </Filter>
    <Filter Include="Module\Mesh">
      <UniqueIdentifier>{0f0e91dd-0f34-46e6-82f0-223ab6af7aa1}</UniqueIdentifier>
    </Filter>
    <Filter Include="Module\ShaderCompiler">
      <UniqueIdentifier>{1d6311df-9110-481e-8c36-bf287a9207df}</UniqueIdentifier>
    </Filter>
  </ItemGroup>
  <ItemGroup>
    <ClCompile Include="Sources\Main.cpp">
      <Filter>Sources</Filter>
    </ClCompile>
    <ClCompile Include="Sources\Windows.cpp">
      <Filter>Sources</Filter>
    </ClCompile>
    <ClCompile Include="Sources\Engine.cpp">
      <Filter>Sources</Filter>
    </ClCompile>
    <ClCompile Include="Sources\Input.cpp">
      <Filter>Sources</Filter>
    </ClCompile>
    <ClCompile Include="Sources\Timer.cpp">
      <Filter>Sources</Filter>
    </ClCompile>
    <ClCompile Include="Sources\Component.cpp">
      <Filter>Sources</Filter>
    </ClCompile>
    <ClCompile Include="Sources\ObjectBase.cpp">
      <Filter>Sources</Filter>
    </ClCompile>
    <ClCompile Include="Sources\Module.cpp">
      <Filter>Sources</Filter>
    </ClCompile>
    <ClCompile Include="Sources\Launcher.cpp">
      <Filter>Sources</Filter>
    </ClCompile>
    <ClCompile Include="Sources\World.cpp">
      <Filter>Sources</Filter>
    </ClCompile>
    <ClCompile Include="Sources\Tasks\TaskSystem.cpp">
      <Filter>Tasks</Filter>
    </ClCompile>
    <ClCompile Include="Sources\EntityComponent\Entity.cpp">
      <Filter>EntityComonent</Filter>
    </ClCompile>
    <ClCompile Include="Sources\EntityComponent\EntityManager.cpp">
      <Filter>EntityComonent</Filter>
    </ClCompile>
    <ClCompile Include="Sources\EntityComponent\ComponentManger.cpp">
      <Filter>EntityComonent</Filter>
    </ClCompile>
    <ClCompile Include="Sources\SceneGraphSystem\Component.cpp">
      <Filter>SceneGraphSystem</Filter>
    </ClCompile>
    <ClCompile Include="Sources\SceneGraphSystem\SceneGraphSystem.cpp">
      <Filter>SceneGraphSystem</Filter>
    </ClCompile>
    <ClCompile Include="Sources\SceneGraphSystem\GraphEntity.cpp">
      <Filter>SceneGraphSystem</Filter>
    </ClCompile>
    <ClCompile Include="Sources\Entities\Components\Transform.cpp">
      <Filter>Entities\Components</Filter>
    </ClCompile>
    <ClCompile Include="Sources\Entities\Camera.cpp">
      <Filter>Entities</Filter>
    </ClCompile>
    <ClCompile Include="Sources\Entities\PlaceableEntity.cpp">
      <Filter>Entities</Filter>
    </ClCompile>
    <ClCompile Include="Sources\Render\Scene.cpp">
      <Filter>Render</Filter>
    </ClCompile>
    <ClCompile Include="Sources\Render\Renderer.cpp">
      <Filter>Render</Filter>
    </ClCompile>
    <ClCompile Include="Sources\RenderBackend\RenderBackend.cpp">
      <Filter>RenderBackend</Filter>
    </ClCompile>
    <ClCompile Include="Sources\RenderBackend\RenderBackendD3D12\RenderBackendD3D12.cpp">
      <Filter>RenderBackend\RenderBackendD3D12</Filter>
    </ClCompile>
    <ClCompile Include="Sources\RenderBackend\RenderCommandList.cpp">
      <Filter>RenderBackend</Filter>
    </ClCompile>
    <ClCompile Include="Sources\RenderBackend\RenderBackendD3D12\RenderCommandListD3D12.cpp">
      <Filter>RenderBackend\RenderBackendD3D12</Filter>
    </ClCompile>
    <ClCompile Include="Sources\RenderBackend\RenderBackendD3D12\DynamicBufferD3D12.cpp">
      <Filter>RenderBackend\RenderBackendD3D12</Filter>
    </ClCompile>
    <ClCompile Include="Sources\RenderBackend\DynamicBuffer.cpp">
      <Filter>RenderBackend</Filter>
    </ClCompile>
    <ClCompile Include="Sources\RenderBackend\ResourceBuffer.cpp">
      <Filter>RenderBackend</Filter>
    </ClCompile>
    <ClCompile Include="Sources\RenderBackend\RenderBackendD3D12\ResourceBufferD3D12.cpp">
      <Filter>RenderBackend\RenderBackendD3D12</Filter>
    </ClCompile>
    <ClCompile Include="Sources\Engine\Mesh.cpp">
      <Filter>Engine</Filter>
    </ClCompile>
    <ClCompile Include="Sources\Module\Mesh\MeshBuilder.cpp">
      <Filter>Module\Mesh</Filter>
    </ClCompile>
    <ClCompile Include="Sources\Module\Texture\TextureBuilder.cpp">
      <Filter>Module\Texture</Filter>
    </ClCompile>
    <ClCompile Include="Sources\Engine\Texture.cpp">
      <Filter>Engine</Filter>
    </ClCompile>
    <ClCompile Include="Sources\RenderBackend\RenderBackendD3D12\TextureD3D12.cpp">
      <Filter>RenderBackend\RenderBackendD3D12</Filter>
    </ClCompile>
    <ClCompile Include="Sources\RenderBackend\Texture.cpp">
      <Filter>RenderBackend</Filter>
    </ClCompile>
    <ClCompile Include="Sources\Module\ShaderCompiler\ShaderCompiler.cpp">
      <Filter>Module\ShaderCompiler</Filter>
    </ClCompile>
  </ItemGroup>
  <ItemGroup>
    <ClInclude Include="Sources\Windows.h">
      <Filter>Headers</Filter>
    </ClInclude>
    <ClInclude Include="Sources\Definitions.h">
      <Filter>Headers</Filter>
    </ClInclude>
    <ClInclude Include="Sources\PlatformDefinitions.h">
      <Filter>Headers</Filter>
    </ClInclude>
    <ClInclude Include="Sources\Engine.h">
      <Filter>Headers</Filter>
    </ClInclude>
    <ClInclude Include="Sources\Input.h">
      <Filter>Headers</Filter>
    </ClInclude>
    <ClInclude Include="Sources\Timer.h">
      <Filter>Headers</Filter>
    </ClInclude>
    <ClInclude Include="Sources\Component.h">
      <Filter>Headers</Filter>
    </ClInclude>
    <ClInclude Include="Sources\ObjectBase.h">
      <Filter>Headers</Filter>
    </ClInclude>
    <ClInclude Include="Sources\Module.h">
      <Filter>Headers</Filter>
    </ClInclude>
    <ClInclude Include="Sources\Singleton.h">
      <Filter>Headers</Filter>
    </ClInclude>
    <ClInclude Include="Sources\Launcher.h">
      <Filter>Headers</Filter>
    </ClInclude>
    <ClInclude Include="Sources\Algorithm.h">
      <Filter>Headers</Filter>
    </ClInclude>
    <ClInclude Include="Sources\World.h">
      <Filter>Headers</Filter>
    </ClInclude>
    <ClInclude Include="Sources\Tasks\TaskQueue.h">
      <Filter>Tasks</Filter>
    </ClInclude>
    <ClInclude Include="Sources\Tasks\TaskSystem.h">
      <Filter>Tasks</Filter>
    </ClInclude>
    <ClInclude Include="Sources\Tasks\TaskQueue.hpp">
      <Filter>Tasks</Filter>
    </ClInclude>
    <ClInclude Include="Sources\EntityComponent\Entity.h">
      <Filter>EntityComonent</Filter>
    </ClInclude>
    <ClInclude Include="Sources\EntityComponent\EntityManager.h">
      <Filter>EntityComonent</Filter>
    </ClInclude>
    <ClInclude Include="Sources\EntityComponent\ECFCommon.h">
      <Filter>EntityComonent</Filter>
    </ClInclude>
    <ClInclude Include="Sources\EntityComponent\ComponentManger.h">
      <Filter>EntityComonent</Filter>
    </ClInclude>
    <ClInclude Include="Sources\SceneGraphSystem\Component.h">
      <Filter>SceneGraphSystem</Filter>
    </ClInclude>
    <ClInclude Include="Sources\SceneGraphSystem\SceneGraphSystem.h">
      <Filter>SceneGraphSystem</Filter>
    </ClInclude>
    <ClInclude Include="Sources\SceneGraphSystem\GraphEntity.h">
      <Filter>SceneGraphSystem</Filter>
    </ClInclude>
    <ClInclude Include="Sources\Entities\Components\Transform.h">
      <Filter>Entities\Components</Filter>
    </ClInclude>
    <ClInclude Include="Sources\Entities\Camera.h">
      <Filter>Entities</Filter>
    </ClInclude>
    <ClInclude Include="Sources\Vector.h">
      <Filter>Headers</Filter>
    </ClInclude>
    <ClInclude Include="Sources\Entities\PlaceableEntity.h">
      <Filter>Entities</Filter>
    </ClInclude>
    <ClInclude Include="Sources\Render\Renderer.h">
      <Filter>Render</Filter>
    </ClInclude>
    <ClInclude Include="Sources\Render\Scene.h">
      <Filter>Render</Filter>
    </ClInclude>
    <ClInclude Include="Sources\RenderBackend\RenderBackend.h">
      <Filter>RenderBackend</Filter>
    </ClInclude>
    <ClInclude Include="Sources\RenderBackend\RenderBackendD3D12\d3dx12.h">
      <Filter>RenderBackend\RenderBackendD3D12</Filter>
    </ClInclude>
    <ClInclude Include="Sources\RenderBackend\RenderBackendD3D12\DirectXHelper.h">
      <Filter>RenderBackend\RenderBackendD3D12</Filter>
    </ClInclude>
    <ClInclude Include="Sources\RenderBackend\RenderBackendD3D12\RenderBackendD3D12.h">
      <Filter>RenderBackend\RenderBackendD3D12</Filter>
    </ClInclude>
    <ClInclude Include="Sources\RenderBackend\RenderCommandList.h">
      <Filter>RenderBackend</Filter>
    </ClInclude>
    <ClInclude Include="Sources\RenderBackend\RenderBackendCommon.h">
      <Filter>RenderBackend\RenderBackendD3D12</Filter>
    </ClInclude>
    <ClInclude Include="Sources\Render\View.h">
      <Filter>Render</Filter>
    </ClInclude>
    <ClInclude Include="Sources\RenderBackend\RenderBackendD3D12\RenderCommandListD3D12.h">
      <Filter>RenderBackend\RenderBackendD3D12</Filter>
    </ClInclude>
    <ClInclude Include="Sources\RenderBackend\RenderBackendD3D12\RenderBackendD3D12Common.h">
      <Filter>RenderBackend\RenderBackendD3D12</Filter>
    </ClInclude>
    <ClInclude Include="Sources\Misc\Matrix.h">
      <Filter>Misc</Filter>
    </ClInclude>
    <ClInclude Include="Sources\RenderBackend\RenderBackendD3D12\DynamicBufferD3D12.h">
      <Filter>RenderBackend\RenderBackendD3D12</Filter>
    </ClInclude>
    <ClInclude Include="Sources\RenderBackend\DynamicBuffer.h">
      <Filter>RenderBackend</Filter>
    </ClInclude>
    <ClInclude Include="Sources\RenderBackend\RenderResource.h">
      <Filter>RenderBackend</Filter>
    </ClInclude>
    <ClInclude Include="Sources\RenderBackend\ResourceBuffer.h">
      <Filter>RenderBackend</Filter>
    </ClInclude>
    <ClInclude Include="Sources\RenderBackend\RenderBackendD3D12\ResourceBufferD3D12.h">
      <Filter>RenderBackend\RenderBackendD3D12</Filter>
    </ClInclude>
    <ClInclude Include="Sources\Misc\Geometry.h">
      <Filter>Misc</Filter>
    </ClInclude>
    <ClInclude Include="Sources\Engine\Mesh.h">
      <Filter>Engine</Filter>
    </ClInclude>
    <ClInclude Include="Sources\Module\Mesh\MeshBuilder.h">
      <Filter>Module\Mesh</Filter>
    </ClInclude>
    <ClInclude Include="Sources\Module\Mesh\TinyObjLoader.h">
      <Filter>Module\Mesh</Filter>
    </ClInclude>
    <ClInclude Include="Sources\Module\Texture\TextureBuilder.h">
      <Filter>Module\Texture</Filter>
    </ClInclude>
    <ClInclude Include="Sources\Engine\Texture.h">
      <Filter>Engine</Filter>
    </ClInclude>
    <ClInclude Include="Sources\RenderBackend\RenderBackendD3D12\TextureD3D12.h">
      <Filter>RenderBackend\RenderBackendD3D12</Filter>
    </ClInclude>
    <ClInclude Include="Sources\RenderBackend\Texture.h">
      <Filter>RenderBackend</Filter>
    </ClInclude>
    <ClInclude Include="Sources\Module\ShaderCompiler\ShaderCompiler.h">
      <Filter>Module\ShaderCompiler</Filter>
    </ClInclude>
  </ItemGroup>
  <ItemGroup>
    <None Include="packages.config" />
  </ItemGroup>
</Project>